// !$*UTF8*$!
{
	archiveVersion = 1;
	classes = {
	};
	objectVersion = 55;
	objects = {

/* Begin PBXBuildFile section */
		4685CAE2280D01CA00B831DA /* ChatApp_FirestoreApp.swift in Sources */ = {isa = PBXBuildFile; fileRef = 4685CAE1280D01CA00B831DA /* ChatApp_FirestoreApp.swift */; };
		4685CAE4280D01CA00B831DA /* ContentView.swift in Sources */ = {isa = PBXBuildFile; fileRef = 4685CAE3280D01CA00B831DA /* ContentView.swift */; };
		4685CAE6280D01CC00B831DA /* Assets.xcassets in Resources */ = {isa = PBXBuildFile; fileRef = 4685CAE5280D01CC00B831DA /* Assets.xcassets */; };
		4685CAE9280D01CC00B831DA /* Preview Assets.xcassets in Resources */ = {isa = PBXBuildFile; fileRef = 4685CAE8280D01CC00B831DA /* Preview Assets.xcassets */; };
		4685CAF1280D032900B831DA /* TitleRow.swift in Sources */ = {isa = PBXBuildFile; fileRef = 4685CAF0280D032900B831DA /* TitleRow.swift */; };
		4685CAF4280D6AFE00B831DA /* Message.swift in Sources */ = {isa = PBXBuildFile; fileRef = 4685CAF3280D6AFE00B831DA /* Message.swift */; };
		4685CAF6280D6B4500B831DA /* MessageBubble.swift in Sources */ = {isa = PBXBuildFile; fileRef = 4685CAF5280D6B4500B831DA /* MessageBubble.swift */; };
		4685CAF9280EB18A00B831DA /* View+.swift in Sources */ = {isa = PBXBuildFile; fileRef = 4685CAF8280EB18A00B831DA /* View+.swift */; };
		46E58863280FA04100C29696 /* MessageField.swift in Sources */ = {isa = PBXBuildFile; fileRef = 46E58862280FA04000C29696 /* MessageField.swift */; };
		46E58865280FB1A100C29696 /* GoogleService-Info.plist in Resources */ = {isa = PBXBuildFile; fileRef = 46E58864280FB1A100C29696 /* GoogleService-Info.plist */; };
		46E58868280FB2EE00C29696 /* FirebaseFirestore in Frameworks */ = {isa = PBXBuildFile; productRef = 46E58867280FB2EE00C29696 /* FirebaseFirestore */; };
		46E5886A280FB2EE00C29696 /* FirebaseFirestoreSwift-Beta in Frameworks */ = {isa = PBXBuildFile; productRef = 46E58869280FB2EE00C29696 /* FirebaseFirestoreSwift-Beta */; };
		46E5886C280FB51300C29696 /* MessageManager.swift in Sources */ = {isa = PBXBuildFile; fileRef = 46E5886B280FB51200C29696 /* MessageManager.swift */; };
/* End PBXBuildFile section */

/* Begin PBXFileReference section */
		4685CADE280D01CA00B831DA /* ChatApp-Firestore.app */ = {isa = PBXFileReference; explicitFileType = wrapper.application; includeInIndex = 0; path = "ChatApp-Firestore.app"; sourceTree = BUILT_PRODUCTS_DIR; };
		4685CAE1280D01CA00B831DA /* ChatApp_FirestoreApp.swift */ = {isa = PBXFileReference; lastKnownFileType = sourcecode.swift; path = ChatApp_FirestoreApp.swift; sourceTree = "<group>"; };
		4685CAE3280D01CA00B831DA /* ContentView.swift */ = {isa = PBXFileReference; lastKnownFileType = sourcecode.swift; path = ContentView.swift; sourceTree = "<group>"; };
		4685CAE5280D01CC00B831DA /* Assets.xcassets */ = {isa = PBXFileReference; lastKnownFileType = folder.assetcatalog; path = Assets.xcassets; sourceTree = "<group>"; };
		4685CAE8280D01CC00B831DA /* Preview Assets.xcassets */ = {isa = PBXFileReference; lastKnownFileType = folder.assetcatalog; path = "Preview Assets.xcassets"; sourceTree = "<group>"; };
		4685CAF0280D032900B831DA /* TitleRow.swift */ = {isa = PBXFileReference; lastKnownFileType = sourcecode.swift; path = TitleRow.swift; sourceTree = "<group>"; };
		4685CAF3280D6AFE00B831DA /* Message.swift */ = {isa = PBXFileReference; lastKnownFileType = sourcecode.swift; path = Message.swift; sourceTree = "<group>"; };
		4685CAF5280D6B4500B831DA /* MessageBubble.swift */ = {isa = PBXFileReference; lastKnownFileType = sourcecode.swift; path = MessageBubble.swift; sourceTree = "<group>"; };
		4685CAF8280EB18A00B831DA /* View+.swift */ = {isa = PBXFileReference; lastKnownFileType = sourcecode.swift; path = "View+.swift"; sourceTree = "<group>"; };
		46E58862280FA04000C29696 /* MessageField.swift */ = {isa = PBXFileReference; lastKnownFileType = sourcecode.swift; path = MessageField.swift; sourceTree = "<group>"; };
		46E58864280FB1A100C29696 /* GoogleService-Info.plist */ = {isa = PBXFileReference; fileEncoding = 4; lastKnownFileType = text.plist.xml; path = "GoogleService-Info.plist"; sourceTree = "<group>"; };
		46E5886B280FB51200C29696 /* MessageManager.swift */ = {isa = PBXFileReference; lastKnownFileType = sourcecode.swift; path = MessageManager.swift; sourceTree = "<group>"; };
/* End PBXFileReference section */

/* Begin PBXFrameworksBuildPhase section */
		4685CADB280D01CA00B831DA /* Frameworks */ = {
			isa = PBXFrameworksBuildPhase;
			buildActionMask = 2147483647;
			files = (
				46E58868280FB2EE00C29696 /* FirebaseFirestore in Frameworks */,
				46E5886A280FB2EE00C29696 /* FirebaseFirestoreSwift-Beta in Frameworks */,
			);
			runOnlyForDeploymentPostprocessing = 0;
		};
/* End PBXFrameworksBuildPhase section */

/* Begin PBXGroup section */
		4685CAD5280D01CA00B831DA = {
			isa = PBXGroup;
			children = (
				4685CAE0280D01CA00B831DA /* ChatApp-Firestore */,
				4685CADF280D01CA00B831DA /* Products */,
			);
			sourceTree = "<group>";
		};
		4685CADF280D01CA00B831DA /* Products */ = {
			isa = PBXGroup;
			children = (
				4685CADE280D01CA00B831DA /* ChatApp-Firestore.app */,
			);
			name = Products;
			sourceTree = "<group>";
		};
		4685CAE0280D01CA00B831DA /* ChatApp-Firestore */ = {
			isa = PBXGroup;
			children = (
				46E58864280FB1A100C29696 /* GoogleService-Info.plist */,
				4685CAF7280EAE2200B831DA /* Extension */,
				4685CAF2280D6AE600B831DA /* Model */,
				4685CAEF280D031100B831DA /* Components */,
				4685CAE1280D01CA00B831DA /* ChatApp_FirestoreApp.swift */,
				4685CAE3280D01CA00B831DA /* ContentView.swift */,
				4685CAE5280D01CC00B831DA /* Assets.xcassets */,
				4685CAE7280D01CC00B831DA /* Preview Content */,
				46E5886B280FB51200C29696 /* MessageManager.swift */,
			);
			path = "ChatApp-Firestore";
			sourceTree = "<group>";
		};
		4685CAE7280D01CC00B831DA /* Preview Content */ = {
			isa = PBXGroup;
			children = (
				4685CAE8280D01CC00B831DA /* Preview Assets.xcassets */,
			);
			path = "Preview Content";
			sourceTree = "<group>";
		};
		4685CAEF280D031100B831DA /* Components */ = {
			isa = PBXGroup;
			children = (
				4685CAF0280D032900B831DA /* TitleRow.swift */,
				4685CAF5280D6B4500B831DA /* MessageBubble.swift */,
				46E58862280FA04000C29696 /* MessageField.swift */,
			);
			path = Components;
			sourceTree = "<group>";
		};
		4685CAF2280D6AE600B831DA /* Model */ = {
			isa = PBXGroup;
			children = (
				4685CAF3280D6AFE00B831DA /* Message.swift */,
			);
			path = Model;
			sourceTree = "<group>";
		};
		4685CAF7280EAE2200B831DA /* Extension */ = {
			isa = PBXGroup;
			children = (
				4685CAF8280EB18A00B831DA /* View+.swift */,
			);
			path = Extension;
			sourceTree = "<group>";
		};
/* End PBXGroup section */

/* Begin PBXNativeTarget section */
		4685CADD280D01CA00B831DA /* ChatApp-Firestore */ = {
			isa = PBXNativeTarget;
			buildConfigurationList = 4685CAEC280D01CC00B831DA /* Build configuration list for PBXNativeTarget "ChatApp-Firestore" */;
			buildPhases = (
				4685CADA280D01CA00B831DA /* Sources */,
				4685CADB280D01CA00B831DA /* Frameworks */,
				4685CADC280D01CA00B831DA /* Resources */,
			);
			buildRules = (
			);
			dependencies = (
			);
			name = "ChatApp-Firestore";
			packageProductDependencies = (
				46E58867280FB2EE00C29696 /* FirebaseFirestore */,
				46E58869280FB2EE00C29696 /* FirebaseFirestoreSwift-Beta */,
			);
			productName = "ChatApp-Firestore";
			productReference = 4685CADE280D01CA00B831DA /* ChatApp-Firestore.app */;
			productType = "com.apple.product-type.application";
		};
/* End PBXNativeTarget section */

/* Begin PBXProject section */
		4685CAD6280D01CA00B831DA /* Project object */ = {
			isa = PBXProject;
			attributes = {
				BuildIndependentTargetsInParallel = 1;
				LastSwiftUpdateCheck = 1310;
				LastUpgradeCheck = 1310;
				TargetAttributes = {
					4685CADD280D01CA00B831DA = {
						CreatedOnToolsVersion = 13.1;
					};
				};
			};
			buildConfigurationList = 4685CAD9280D01CA00B831DA /* Build configuration list for PBXProject "ChatApp-Firestore" */;
			compatibilityVersion = "Xcode 13.0";
			developmentRegion = en;
			hasScannedForEncodings = 0;
			knownRegions = (
				en,
				Base,
			);
			mainGroup = 4685CAD5280D01CA00B831DA;
			packageReferences = (
				46E58866280FB2EE00C29696 /* XCRemoteSwiftPackageReference "firebase-ios-sdk" */,
			);
			productRefGroup = 4685CADF280D01CA00B831DA /* Products */;
			projectDirPath = "";
			projectRoot = "";
			targets = (
				4685CADD280D01CA00B831DA /* ChatApp-Firestore */,
			);
		};
/* End PBXProject section */

/* Begin PBXResourcesBuildPhase section */
		4685CADC280D01CA00B831DA /* Resources */ = {
			isa = PBXResourcesBuildPhase;
			buildActionMask = 2147483647;
			files = (
				4685CAE9280D01CC00B831DA /* Preview Assets.xcassets in Resources */,
				4685CAE6280D01CC00B831DA /* Assets.xcassets in Resources */,
				46E58865280FB1A100C29696 /* GoogleService-Info.plist in Resources */,
			);
			runOnlyForDeploymentPostprocessing = 0;
		};
/* End PBXResourcesBuildPhase section */

/* Begin PBXSourcesBuildPhase section */
		4685CADA280D01CA00B831DA /* Sources */ = {
			isa = PBXSourcesBuildPhase;
			buildActionMask = 2147483647;
			files = (
				4685CAE4280D01CA00B831DA /* ContentView.swift in Sources */,
				4685CAF4280D6AFE00B831DA /* Message.swift in Sources */,
				4685CAF6280D6B4500B831DA /* MessageBubble.swift in Sources */,
				46E58863280FA04100C29696 /* MessageField.swift in Sources */,
				4685CAE2280D01CA00B831DA /* ChatApp_FirestoreApp.swift in Sources */,
				4685CAF9280EB18A00B831DA /* View+.swift in Sources */,
				4685CAF1280D032900B831DA /* TitleRow.swift in Sources */,
				46E5886C280FB51300C29696 /* MessageManager.swift in Sources */,
			);
			runOnlyForDeploymentPostprocessing = 0;
		};
/* End PBXSourcesBuildPhase section */

/* Begin XCBuildConfiguration section */
		4685CAEA280D01CC00B831DA /* Debug */ = {
			isa = XCBuildConfiguration;
			buildSettings = {
				ALWAYS_SEARCH_USER_PATHS = NO;
				CLANG_ANALYZER_NONNULL = YES;
				CLANG_ANALYZER_NUMBER_OBJECT_CONVERSION = YES_AGGRESSIVE;
				CLANG_CXX_LANGUAGE_STANDARD = "gnu++17";
				CLANG_CXX_LIBRARY = "libc++";
				CLANG_ENABLE_MODULES = YES;
				CLANG_ENABLE_OBJC_ARC = YES;
				CLANG_ENABLE_OBJC_WEAK = YES;
				CLANG_WARN_BLOCK_CAPTURE_AUTORELEASING = YES;
				CLANG_WARN_BOOL_CONVERSION = YES;
				CLANG_WARN_COMMA = YES;
				CLANG_WARN_CONSTANT_CONVERSION = YES;
				CLANG_WARN_DEPRECATED_OBJC_IMPLEMENTATIONS = YES;
				CLANG_WARN_DIRECT_OBJC_ISA_USAGE = YES_ERROR;
				CLANG_WARN_DOCUMENTATION_COMMENTS = YES;
				CLANG_WARN_EMPTY_BODY = YES;
				CLANG_WARN_ENUM_CONVERSION = YES;
				CLANG_WARN_INFINITE_RECURSION = YES;
				CLANG_WARN_INT_CONVERSION = YES;
				CLANG_WARN_NON_LITERAL_NULL_CONVERSION = YES;
				CLANG_WARN_OBJC_IMPLICIT_RETAIN_SELF = YES;
				CLANG_WARN_OBJC_LITERAL_CONVERSION = YES;
				CLANG_WARN_OBJC_ROOT_CLASS = YES_ERROR;
				CLANG_WARN_QUOTED_INCLUDE_IN_FRAMEWORK_HEADER = YES;
				CLANG_WARN_RANGE_LOOP_ANALYSIS = YES;
				CLANG_WARN_STRICT_PROTOTYPES = YES;
				CLANG_WARN_SUSPICIOUS_MOVE = YES;
				CLANG_WARN_UNGUARDED_AVAILABILITY = YES_AGGRESSIVE;
				CLANG_WARN_UNREACHABLE_CODE = YES;
				CLANG_WARN__DUPLICATE_METHOD_MATCH = YES;
				COPY_PHASE_STRIP = NO;
				DEBUG_INFORMATION_FORMAT = dwarf;
				ENABLE_STRICT_OBJC_MSGSEND = YES;
				ENABLE_TESTABILITY = YES;
				GCC_C_LANGUAGE_STANDARD = gnu11;
				GCC_DYNAMIC_NO_PIC = NO;
				GCC_NO_COMMON_BLOCKS = YES;
				GCC_OPTIMIZATION_LEVEL = 0;
				GCC_PREPROCESSOR_DEFINITIONS = (
					"DEBUG=1",
					"$(inherited)",
				);
				GCC_WARN_64_TO_32_BIT_CONVERSION = YES;
				GCC_WARN_ABOUT_RETURN_TYPE = YES_ERROR;
				GCC_WARN_UNDECLARED_SELECTOR = YES;
				GCC_WARN_UNINITIALIZED_AUTOS = YES_AGGRESSIVE;
				GCC_WARN_UNUSED_FUNCTION = YES;
				GCC_WARN_UNUSED_VARIABLE = YES;
				IPHONEOS_DEPLOYMENT_TARGET = 15.0;
				MTL_ENABLE_DEBUG_INFO = INCLUDE_SOURCE;
				MTL_FAST_MATH = YES;
				ONLY_ACTIVE_ARCH = YES;
				SDKROOT = iphoneos;
				SWIFT_ACTIVE_COMPILATION_CONDITIONS = DEBUG;
				SWIFT_OPTIMIZATION_LEVEL = "-Onone";
			};
			name = Debug;
		};
		4685CAEB280D01CC00B831DA /* Release */ = {
			isa = XCBuildConfiguration;
			buildSettings = {
				ALWAYS_SEARCH_USER_PATHS = NO;
				CLANG_ANALYZER_NONNULL = YES;
				CLANG_ANALYZER_NUMBER_OBJECT_CONVERSION = YES_AGGRESSIVE;
				CLANG_CXX_LANGUAGE_STANDARD = "gnu++17";
				CLANG_CXX_LIBRARY = "libc++";
				CLANG_ENABLE_MODULES = YES;
				CLANG_ENABLE_OBJC_ARC = YES;
				CLANG_ENABLE_OBJC_WEAK = YES;
				CLANG_WARN_BLOCK_CAPTURE_AUTORELEASING = YES;
				CLANG_WARN_BOOL_CONVERSION = YES;
				CLANG_WARN_COMMA = YES;
				CLANG_WARN_CONSTANT_CONVERSION = YES;
				CLANG_WARN_DEPRECATED_OBJC_IMPLEMENTATIONS = YES;
				CLANG_WARN_DIRECT_OBJC_ISA_USAGE = YES_ERROR;
				CLANG_WARN_DOCUMENTATION_COMMENTS = YES;
				CLANG_WARN_EMPTY_BODY = YES;
				CLANG_WARN_ENUM_CONVERSION = YES;
				CLANG_WARN_INFINITE_RECURSION = YES;
				CLANG_WARN_INT_CONVERSION = YES;
				CLANG_WARN_NON_LITERAL_NULL_CONVERSION = YES;
				CLANG_WARN_OBJC_IMPLICIT_RETAIN_SELF = YES;
				CLANG_WARN_OBJC_LITERAL_CONVERSION = YES;
				CLANG_WARN_OBJC_ROOT_CLASS = YES_ERROR;
				CLANG_WARN_QUOTED_INCLUDE_IN_FRAMEWORK_HEADER = YES;
				CLANG_WARN_RANGE_LOOP_ANALYSIS = YES;
				CLANG_WARN_STRICT_PROTOTYPES = YES;
				CLANG_WARN_SUSPICIOUS_MOVE = YES;
				CLANG_WARN_UNGUARDED_AVAILABILITY = YES_AGGRESSIVE;
				CLANG_WARN_UNREACHABLE_CODE = YES;
				CLANG_WARN__DUPLICATE_METHOD_MATCH = YES;
				COPY_PHASE_STRIP = NO;
				DEBUG_INFORMATION_FORMAT = "dwarf-with-dsym";
				ENABLE_NS_ASSERTIONS = NO;
				ENABLE_STRICT_OBJC_MSGSEND = YES;
				GCC_C_LANGUAGE_STANDARD = gnu11;
				GCC_NO_COMMON_BLOCKS = YES;
				GCC_WARN_64_TO_32_BIT_CONVERSION = YES;
				GCC_WARN_ABOUT_RETURN_TYPE = YES_ERROR;
				GCC_WARN_UNDECLARED_SELECTOR = YES;
				GCC_WARN_UNINITIALIZED_AUTOS = YES_AGGRESSIVE;
				GCC_WARN_UNUSED_FUNCTION = YES;
				GCC_WARN_UNUSED_VARIABLE = YES;
				IPHONEOS_DEPLOYMENT_TARGET = 15.0;
				MTL_ENABLE_DEBUG_INFO = NO;
				MTL_FAST_MATH = YES;
				SDKROOT = iphoneos;
				SWIFT_COMPILATION_MODE = wholemodule;
				SWIFT_OPTIMIZATION_LEVEL = "-O";
				VALIDATE_PRODUCT = YES;
			};
			name = Release;
		};
		4685CAED280D01CC00B831DA /* Debug */ = {
			isa = XCBuildConfiguration;
			buildSettings = {
				ASSETCATALOG_COMPILER_APPICON_NAME = AppIcon;
				ASSETCATALOG_COMPILER_GLOBAL_ACCENT_COLOR_NAME = AccentColor;
				CODE_SIGN_STYLE = Automatic;
				CURRENT_PROJECT_VERSION = 1;
				DEVELOPMENT_ASSET_PATHS = "\"ChatApp-Firestore/Preview Content\"";
				ENABLE_PREVIEWS = YES;
				GENERATE_INFOPLIST_FILE = YES;
				INFOPLIST_KEY_UIApplicationSceneManifest_Generation = YES;
				INFOPLIST_KEY_UIApplicationSupportsIndirectInputEvents = YES;
				INFOPLIST_KEY_UILaunchScreen_Generation = YES;
				INFOPLIST_KEY_UISupportedInterfaceOrientations_iPad = "UIInterfaceOrientationPortrait UIInterfaceOrientationPortraitUpsideDown UIInterfaceOrientationLandscapeLeft UIInterfaceOrientationLandscapeRight";
				INFOPLIST_KEY_UISupportedInterfaceOrientations_iPhone = "UIInterfaceOrientationPortrait UIInterfaceOrientationLandscapeLeft UIInterfaceOrientationLandscapeRight";
				LD_RUNPATH_SEARCH_PATHS = (
					"$(inherited)",
					"@executable_path/Frameworks",
				);
				MARKETING_VERSION = 1.0;
				PRODUCT_BUNDLE_IDENTIFIER = "com.ChatApp-Firestore";
				PRODUCT_NAME = "$(TARGET_NAME)";
				SWIFT_EMIT_LOC_STRINGS = YES;
				SWIFT_VERSION = 5.0;
				TARGETED_DEVICE_FAMILY = "1,2";
			};
			name = Debug;
		};
		4685CAEE280D01CC00B831DA /* Release */ = {
			isa = XCBuildConfiguration;
			buildSettings = {
				ASSETCATALOG_COMPILER_APPICON_NAME = AppIcon;
				ASSETCATALOG_COMPILER_GLOBAL_ACCENT_COLOR_NAME = AccentColor;
				CODE_SIGN_STYLE = Automatic;
				CURRENT_PROJECT_VERSION = 1;
				DEVELOPMENT_ASSET_PATHS = "\"ChatApp-Firestore/Preview Content\"";
				ENABLE_PREVIEWS = YES;
				GENERATE_INFOPLIST_FILE = YES;
				INFOPLIST_KEY_UIApplicationSceneManifest_Generation = YES;
				INFOPLIST_KEY_UIApplicationSupportsIndirectInputEvents = YES;
				INFOPLIST_KEY_UILaunchScreen_Generation = YES;
				INFOPLIST_KEY_UISupportedInterfaceOrientations_iPad = "UIInterfaceOrientationPortrait UIInterfaceOrientationPortraitUpsideDown UIInterfaceOrientationLandscapeLeft UIInterfaceOrientationLandscapeRight";
				INFOPLIST_KEY_UISupportedInterfaceOrientations_iPhone = "UIInterfaceOrientationPortrait UIInterfaceOrientationLandscapeLeft UIInterfaceOrientationLandscapeRight";
				LD_RUNPATH_SEARCH_PATHS = (
					"$(inherited)",
					"@executable_path/Frameworks",
				);
				MARKETING_VERSION = 1.0;
				PRODUCT_BUNDLE_IDENTIFIER = "com.ChatApp-Firestore";
				PRODUCT_NAME = "$(TARGET_NAME)";
				SWIFT_EMIT_LOC_STRINGS = YES;
				SWIFT_VERSION = 5.0;
				TARGETED_DEVICE_FAMILY = "1,2";
			};
			name = Release;
		};
/* End XCBuildConfiguration section */

/* Begin XCConfigurationList section */
		4685CAD9280D01CA00B831DA /* Build configuration list for PBXProject "ChatApp-Firestore" */ = {
			isa = XCConfigurationList;
			buildConfigurations = (
				4685CAEA280D01CC00B831DA /* Debug */,
				4685CAEB280D01CC00B831DA /* Release */,
			);
			defaultConfigurationIsVisible = 0;
			defaultConfigurationName = Release;
		};
		4685CAEC280D01CC00B831DA /* Build configuration list for PBXNativeTarget "ChatApp-Firestore" */ = {
			isa = XCConfigurationList;
			buildConfigurations = (
				4685CAED280D01CC00B831DA /* Debug */,
				4685CAEE280D01CC00B831DA /* Release */,
			);
			defaultConfigurationIsVisible = 0;
			defaultConfigurationName = Release;
		};
/* End XCConfigurationList section */

/* Begin XCRemoteSwiftPackageReference section */
		46E58866280FB2EE00C29696 /* XCRemoteSwiftPackageReference "firebase-ios-sdk" */ = {
			isa = XCRemoteSwiftPackageReference;
			repositoryURL = "https://github.com/firebase/firebase-ios-sdk";
			requirement = {
				kind = upToNextMajorVersion;
				minimumVersion = 8.0.0;
			};
		};
/* End XCRemoteSwiftPackageReference section */

/* Begin XCSwiftPackageProductDependency section */
		46E58867280FB2EE00C29696 /* FirebaseFirestore */ = {
			isa = XCSwiftPackageProductDependency;
			package = 46E58866280FB2EE00C29696 /* XCRemoteSwiftPackageReference "firebase-ios-sdk" */;
			productName = FirebaseFirestore;
		};
		46E58869280FB2EE00C29696 /* FirebaseFirestoreSwift-Beta */ = {
			isa = XCSwiftPackageProductDependency;
			package = 46E58866280FB2EE00C29696 /* XCRemoteSwiftPackageReference "firebase-ios-sdk" */;
			productName = "FirebaseFirestoreSwift-Beta";
		};
/* End XCSwiftPackageProductDependency section */
	};
	rootObject = 4685CAD6280D01CA00B831DA /* Project object */;
}
